
Microsoft Visual Studio Solution File, Format Version 12.00
# Visual Studio Version 16
VisualStudioVersion = 16.0.34407.143
MinimumVisualStudioVersion = 10.0.40219.1
Project("{FAE04EC0-301F-11D3-BF4B-00C04F79EFBC}") = "drawing1", "drawing1\drawing1.csproj", "{5176D85E-7BF9-4163-89CF-82FE833FA128}"
EndProject
Global
	GlobalSection(SolutionConfigurationPlatforms) = preSolution
		Debug|Any CPU = Debug|Any CPU
		Release|Any CPU = Release|Any CPU
	EndGlobalSection
	GlobalSection(ProjectConfigurationPlatforms) = postSolution
		{5176D85E-7BF9-4163-89CF-82FE833FA128}.Debug|Any CPU.ActiveCfg = Debug|Any CPU
		{5176D85E-7BF9-4163-89CF-82FE833FA128}.Debug|Any CPU.Build.0 = Debug|Any CPU
		{5176D85E-7BF9-4163-89CF-82FE833FA128}.Release|Any CPU.ActiveCfg = Release|Any CPU
		{5176D85E-7BF9-4163-89CF-82FE833FA128}.Release|Any CPU.Build.0 = Release|Any CPU
	EndGlobalSection
	GlobalSection(SolutionProperties) = preSolution
		HideSolutionNode = FALSE
	EndGlobalSection
	GlobalSection(ExtensibilityGlobals) = postSolution
		SolutionGuid = {680C8FFE-F101-4E82-93BB-A8324A8EFF9A}
	EndGlobalSection
EndGlobal
